// !$*UTF8*$!
{
	archiveVersion = 1;
	classes = {
	};
	objectVersion = 46;
	objects = {

/* Begin PBXBuildFile section */
		EBC06B371D44EDE6004BE98B /* AppDelegate.swift in Sources */ = {isa = PBXBuildFile; fileRef = EBC06B361D44EDE6004BE98B /* AppDelegate.swift */; };
		EBC06B391D44EDE6004BE98B /* ViewController.swift in Sources */ = {isa = PBXBuildFile; fileRef = EBC06B381D44EDE6004BE98B /* ViewController.swift */; };
		EBC06B3C1D44EDE6004BE98B /* Main.storyboard in Resources */ = {isa = PBXBuildFile; fileRef = EBC06B3A1D44EDE6004BE98B /* Main.storyboard */; };
		EBC06B3E1D44EDE6004BE98B /* Assets.xcassets in Resources */ = {isa = PBXBuildFile; fileRef = EBC06B3D1D44EDE6004BE98B /* Assets.xcassets */; };
		EBC06B411D44EDE6004BE98B /* LaunchScreen.storyboard in Resources */ = {isa = PBXBuildFile; fileRef = EBC06B3F1D44EDE6004BE98B /* LaunchScreen.storyboard */; };
		EBC06B4C1D44EE8A004BE98B /* AddPostVC.swift in Sources */ = {isa = PBXBuildFile; fileRef = EBC06B4B1D44EE8A004BE98B /* AddPostVC.swift */; };
		EBC06B4E1D44EEA0004BE98B /* CircleImageView.swift in Sources */ = {isa = PBXBuildFile; fileRef = EBC06B4D1D44EEA0004BE98B /* CircleImageView.swift */; };
		EBC06B501D44EEAD004BE98B /* Post.swift in Sources */ = {isa = PBXBuildFile; fileRef = EBC06B4F1D44EEAD004BE98B /* Post.swift */; };
		EBC06B521D44EEC7004BE98B /* PostCell.swift in Sources */ = {isa = PBXBuildFile; fileRef = EBC06B511D44EEC7004BE98B /* PostCell.swift */; };
		EBC06B551D44FC78004BE98B /* DataService.swift in Sources */ = {isa = PBXBuildFile; fileRef = EBC06B541D44FC78004BE98B /* DataService.swift */; };
/* End PBXBuildFile section */

/* Begin PBXFileReference section */
		EBC06B331D44EDE6004BE98B /* myhood-v2-xcode7.app */ = {isa = PBXFileReference; explicitFileType = wrapper.application; includeInIndex = 0; path = "myhood-v2-xcode7.app"; sourceTree = BUILT_PRODUCTS_DIR; };
		EBC06B361D44EDE6004BE98B /* AppDelegate.swift */ = {isa = PBXFileReference; lastKnownFileType = sourcecode.swift; path = AppDelegate.swift; sourceTree = "<group>"; };
		EBC06B381D44EDE6004BE98B /* ViewController.swift */ = {isa = PBXFileReference; lastKnownFileType = sourcecode.swift; path = ViewController.swift; sourceTree = "<group>"; };
		EBC06B3B1D44EDE6004BE98B /* Base */ = {isa = PBXFileReference; lastKnownFileType = file.storyboard; name = Base; path = Base.lproj/Main.storyboard; sourceTree = "<group>"; };
		EBC06B3D1D44EDE6004BE98B /* Assets.xcassets */ = {isa = PBXFileReference; lastKnownFileType = folder.assetcatalog; path = Assets.xcassets; sourceTree = "<group>"; };
		EBC06B401D44EDE6004BE98B /* Base */ = {isa = PBXFileReference; lastKnownFileType = file.storyboard; name = Base; path = Base.lproj/LaunchScreen.storyboard; sourceTree = "<group>"; };
		EBC06B421D44EDE6004BE98B /* Info.plist */ = {isa = PBXFileReference; lastKnownFileType = text.plist.xml; path = Info.plist; sourceTree = "<group>"; };
		EBC06B4B1D44EE8A004BE98B /* AddPostVC.swift */ = {isa = PBXFileReference; fileEncoding = 4; lastKnownFileType = sourcecode.swift; path = AddPostVC.swift; sourceTree = "<group>"; };
		EBC06B4D1D44EEA0004BE98B /* CircleImageView.swift */ = {isa = PBXFileReference; fileEncoding = 4; lastKnownFileType = sourcecode.swift; path = CircleImageView.swift; sourceTree = "<group>"; };
		EBC06B4F1D44EEAD004BE98B /* Post.swift */ = {isa = PBXFileReference; fileEncoding = 4; lastKnownFileType = sourcecode.swift; path = Post.swift; sourceTree = "<group>"; };
		EBC06B511D44EEC7004BE98B /* PostCell.swift */ = {isa = PBXFileReference; fileEncoding = 4; lastKnownFileType = sourcecode.swift; path = PostCell.swift; sourceTree = "<group>"; };
		EBC06B541D44FC78004BE98B /* DataService.swift */ = {isa = PBXFileReference; fileEncoding = 4; lastKnownFileType = sourcecode.swift; path = DataService.swift; sourceTree = "<group>"; };
/* End PBXFileReference section */

/* Begin PBXFrameworksBuildPhase section */
		EBC06B301D44EDE6004BE98B /* Frameworks */ = {
			isa = PBXFrameworksBuildPhase;
			buildActionMask = 2147483647;
			files = (
			);
			runOnlyForDeploymentPostprocessing = 0;
		};
/* End PBXFrameworksBuildPhase section */

/* Begin PBXGroup section */
		EBC06B2A1D44EDE6004BE98B = {
			isa = PBXGroup;
			children = (
				EBC06B351D44EDE6004BE98B /* myhood-v2-xcode7 */,
				EBC06B341D44EDE6004BE98B /* Products */,
			);
			sourceTree = "<group>";
		};
		EBC06B341D44EDE6004BE98B /* Products */ = {
			isa = PBXGroup;
			children = (
				EBC06B331D44EDE6004BE98B /* myhood-v2-xcode7.app */,
			);
			name = Products;
			sourceTree = "<group>";
		};
		EBC06B351D44EDE6004BE98B /* myhood-v2-xcode7 */ = {
			isa = PBXGroup;
			children = (
				EBC06B531D44FC69004BE98B /* Services */,
				EBC06B4A1D44EE70004BE98B /* Controller */,
				EBC06B491D44EE64004BE98B /* View */,
				EBC06B481D44EE2D004BE98B /* Model */,
				EBC06B361D44EDE6004BE98B /* AppDelegate.swift */,
				EBC06B3A1D44EDE6004BE98B /* Main.storyboard */,
				EBC06B3D1D44EDE6004BE98B /* Assets.xcassets */,
				EBC06B3F1D44EDE6004BE98B /* LaunchScreen.storyboard */,
				EBC06B421D44EDE6004BE98B /* Info.plist */,
			);
			path = "myhood-v2-xcode7";
			sourceTree = "<group>";
		};
		EBC06B481D44EE2D004BE98B /* Model */ = {
			isa = PBXGroup;
			children = (
				EBC06B4F1D44EEAD004BE98B /* Post.swift */,
			);
			name = Model;
			sourceTree = "<group>";
		};
		EBC06B491D44EE64004BE98B /* View */ = {
			isa = PBXGroup;
			children = (
				EBC06B4D1D44EEA0004BE98B /* CircleImageView.swift */,
				EBC06B511D44EEC7004BE98B /* PostCell.swift */,
			);
			name = View;
			sourceTree = "<group>";
		};
		EBC06B4A1D44EE70004BE98B /* Controller */ = {
			isa = PBXGroup;
			children = (
				EBC06B381D44EDE6004BE98B /* ViewController.swift */,
				EBC06B4B1D44EE8A004BE98B /* AddPostVC.swift */,
			);
			name = Controller;
			sourceTree = "<group>";
		};
		EBC06B531D44FC69004BE98B /* Services */ = {
			isa = PBXGroup;
			children = (
				EBC06B541D44FC78004BE98B /* DataService.swift */,
			);
			name = Services;
			sourceTree = "<group>";
		};
/* End PBXGroup section */

/* Begin PBXNativeTarget section */
		EBC06B321D44EDE6004BE98B /* myhood-v2-xcode7 */ = {
			isa = PBXNativeTarget;
			buildConfigurationList = EBC06B451D44EDE6004BE98B /* Build configuration list for PBXNativeTarget "myhood-v2-xcode7" */;
			buildPhases = (
				EBC06B2F1D44EDE6004BE98B /* Sources */,
				EBC06B301D44EDE6004BE98B /* Frameworks */,
				EBC06B311D44EDE6004BE98B /* Resources */,
			);
			buildRules = (
			);
			dependencies = (
			);
			name = "myhood-v2-xcode7";
			productName = "myhood-v2-xcode7";
			productReference = EBC06B331D44EDE6004BE98B /* myhood-v2-xcode7.app */;
			productType = "com.apple.product-type.application";
		};
/* End PBXNativeTarget section */

/* Begin PBXProject section */
		EBC06B2B1D44EDE6004BE98B /* Project object */ = {
			isa = PBXProject;
			attributes = {
				LastSwiftUpdateCheck = 0730;
				LastUpgradeCheck = 0730;
				ORGANIZATIONNAME = HienTran;
				TargetAttributes = {
					EBC06B321D44EDE6004BE98B = {
						CreatedOnToolsVersion = 7.3.1;
						DevelopmentTeam = MXE9N2LLEZ;
					};
				};
			};
			buildConfigurationList = EBC06B2E1D44EDE6004BE98B /* Build configuration list for PBXProject "myhood-v2-xcode7" */;
			compatibilityVersion = "Xcode 3.2";
			developmentRegion = English;
			hasScannedForEncodings = 0;
			knownRegions = (
				en,
				Base,
			);
			mainGroup = EBC06B2A1D44EDE6004BE98B;
			productRefGroup = EBC06B341D44EDE6004BE98B /* Products */;
			projectDirPath = "";
			projectRoot = "";
			targets = (
				EBC06B321D44EDE6004BE98B /* myhood-v2-xcode7 */,
			);
		};
/* End PBXProject section */

/* Begin PBXResourcesBuildPhase section */
		EBC06B311D44EDE6004BE98B /* Resources */ = {
			isa = PBXResourcesBuildPhase;
			buildActionMask = 2147483647;
			files = (
				EBC06B411D44EDE6004BE98B /* LaunchScreen.storyboard in Resources */,
				EBC06B3E1D44EDE6004BE98B /* Assets.xcassets in Resources */,
				EBC06B3C1D44EDE6004BE98B /* Main.storyboard in Resources */,
			);
			runOnlyForDeploymentPostprocessing = 0;
		};
/* End PBXResourcesBuildPhase section */

/* Begin PBXSourcesBuildPhase section */
		EBC06B2F1D44EDE6004BE98B /* Sources */ = {
			isa = PBXSourcesBuildPhase;
			buildActionMask = 2147483647;
			files = (
				EBC06B4E1D44EEA0004BE98B /* CircleImageView.swift in Sources */,
				EBC06B551D44FC78004BE98B /* DataService.swift in Sources */,
				EBC06B391D44EDE6004BE98B /* ViewController.swift in Sources */,
				EBC06B4C1D44EE8A004BE98B /* AddPostVC.swift in Sources */,
				EBC06B371D44EDE6004BE98B /* AppDelegate.swift in Sources */,
				EBC06B501D44EEAD004BE98B /* Post.swift in Sources */,
				EBC06B521D44EEC7004BE98B /* PostCell.swift in Sources */,
			);
			runOnlyForDeploymentPostprocessing = 0;
		};
/* End PBXSourcesBuildPhase section */

/* Begin PBXVariantGroup section */
		EBC06B3A1D44EDE6004BE98B /* Main.storyboard */ = {
			isa = PBXVariantGroup;
			children = (
				EBC06B3B1D44EDE6004BE98B /* Base */,
			);
			name = Main.storyboard;
			sourceTree = "<group>";
		};
		EBC06B3F1D44EDE6004BE98B /* LaunchScreen.storyboard */ = {
			isa = PBXVariantGroup;
			children = (
				EBC06B401D44EDE6004BE98B /* Base */,
			);
			name = LaunchScreen.storyboard;
			sourceTree = "<group>";
		};
/* End PBXVariantGroup section */

/* Begin XCBuildConfiguration section */
		EBC06B431D44EDE6004BE98B /* Debug */ = {
			isa = XCBuildConfiguration;
			buildSettings = {
				ALWAYS_SEARCH_USER_PATHS = NO;
				CLANG_ANALYZER_NONNULL = YES;
				CLANG_CXX_LANGUAGE_STANDARD = "gnu++0x";
				CLANG_CXX_LIBRARY = "libc++";
				CLANG_ENABLE_MODULES = YES;
				CLANG_ENABLE_OBJC_ARC = YES;
				CLANG_WARN_BOOL_CONVERSION = YES;
				CLANG_WARN_CONSTANT_CONVERSION = YES;
				CLANG_WARN_DIRECT_OBJC_ISA_USAGE = YES_ERROR;
				CLANG_WARN_EMPTY_BODY = YES;
				CLANG_WARN_ENUM_CONVERSION = YES;
				CLANG_WARN_INT_CONVERSION = YES;
				CLANG_WARN_OBJC_ROOT_CLASS = YES_ERROR;
				CLANG_WARN_UNREACHABLE_CODE = YES;
				CLANG_WARN__DUPLICATE_METHOD_MATCH = YES;
				"CODE_SIGN_IDENTITY[sdk=iphoneos*]" = "iPhone Developer";
				COPY_PHASE_STRIP = NO;
				DEBUG_INFORMATION_FORMAT = dwarf;
				ENABLE_STRICT_OBJC_MSGSEND = YES;
				ENABLE_TESTABILITY = YES;
				GCC_C_LANGUAGE_STANDARD = gnu99;
				GCC_DYNAMIC_NO_PIC = NO;
				GCC_NO_COMMON_BLOCKS = YES;
				GCC_OPTIMIZATION_LEVEL = 0;
				GCC_PREPROCESSOR_DEFINITIONS = (
					"DEBUG=1",
					"$(inherited)",
				);
				GCC_WARN_64_TO_32_BIT_CONVERSION = YES;
				GCC_WARN_ABOUT_RETURN_TYPE = YES_ERROR;
				GCC_WARN_UNDECLARED_SELECTOR = YES;
				GCC_WARN_UNINITIALIZED_AUTOS = YES_AGGRESSIVE;
				GCC_WARN_UNUSED_FUNCTION = YES;
				GCC_WARN_UNUSED_VARIABLE = YES;
				IPHONEOS_DEPLOYMENT_TARGET = 9.3;
				MTL_ENABLE_DEBUG_INFO = YES;
				ONLY_ACTIVE_ARCH = YES;
				SDKROOT = iphoneos;
				SWIFT_OPTIMIZATION_LEVEL = "-Onone";
				TARGETED_DEVICE_FAMILY = "1,2";
			};
			name = Debug;
		};
		EBC06B441D44EDE6004BE98B /* Release */ = {
			isa = XCBuildConfiguration;
			buildSettings = {
				ALWAYS_SEARCH_USER_PATHS = NO;
				CLANG_ANALYZER_NONNULL = YES;
				CLANG_CXX_LANGUAGE_STANDARD = "gnu++0x";
				CLANG_CXX_LIBRARY = "libc++";
				CLANG_ENABLE_MODULES = YES;
				CLANG_ENABLE_OBJC_ARC = YES;
				CLANG_WARN_BOOL_CONVERSION = YES;
				CLANG_WARN_CONSTANT_CONVERSION = YES;
				CLANG_WARN_DIRECT_OBJC_ISA_USAGE = YES_ERROR;
				CLANG_WARN_EMPTY_BODY = YES;
				CLANG_WARN_ENUM_CONVERSION = YES;
				CLANG_WARN_INT_CONVERSION = YES;
				CLANG_WARN_OBJC_ROOT_CLASS = YES_ERROR;
				CLANG_WARN_UNREACHABLE_CODE = YES;
				CLANG_WARN__DUPLICATE_METHOD_MATCH = YES;
				"CODE_SIGN_IDENTITY[sdk=iphoneos*]" = "iPhone Developer";
				COPY_PHASE_STRIP = NO;
				DEBUG_INFORMATION_FORMAT = "dwarf-with-dsym";
				ENABLE_NS_ASSERTIONS = NO;
				ENABLE_STRICT_OBJC_MSGSEND = YES;
				GCC_C_LANGUAGE_STANDARD = gnu99;
				GCC_NO_COMMON_BLOCKS = YES;
				GCC_WARN_64_TO_32_BIT_CONVERSION = YES;
				GCC_WARN_ABOUT_RETURN_TYPE = YES_ERROR;
				GCC_WARN_UNDECLARED_SELECTOR = YES;
				GCC_WARN_UNINITIALIZED_AUTOS = YES_AGGRESSIVE;
				GCC_WARN_UNUSED_FUNCTION = YES;
				GCC_WARN_UNUSED_VARIABLE = YES;
				IPHONEOS_DEPLOYMENT_TARGET = 9.3;
				MTL_ENABLE_DEBUG_INFO = NO;
				SDKROOT = iphoneos;
				TARGETED_DEVICE_FAMILY = "1,2";
				VALIDATE_PRODUCT = YES;
			};
			name = Release;
		};
		EBC06B461D44EDE6004BE98B /* Debug */ = {
			isa = XCBuildConfiguration;
			buildSettings = {
				ASSETCATALOG_COMPILER_APPICON_NAME = AppIcon;
				INFOPLIST_FILE = "myhood-v2-xcode7/Info.plist";
				LD_RUNPATH_SEARCH_PATHS = "$(inherited) @executable_path/Frameworks";
				PRODUCT_BUNDLE_IDENTIFIER = "com.hientran.myhood-v2-xcode7";
				PRODUCT_NAME = "$(TARGET_NAME)";
			};
			name = Debug;
		};
		EBC06B471D44EDE6004BE98B /* Release */ = {
			isa = XCBuildConfiguration;
			buildSettings = {
				ASSETCATALOG_COMPILER_APPICON_NAME = AppIcon;
				INFOPLIST_FILE = "myhood-v2-xcode7/Info.plist";
				LD_RUNPATH_SEARCH_PATHS = "$(inherited) @executable_path/Frameworks";
				PRODUCT_BUNDLE_IDENTIFIER = "com.hientran.myhood-v2-xcode7";
				PRODUCT_NAME = "$(TARGET_NAME)";
			};
			name = Release;
		};
/* End XCBuildConfiguration section */

/* Begin XCConfigurationList section */
		EBC06B2E1D44EDE6004BE98B /* Build configuration list for PBXProject "myhood-v2-xcode7" */ = {
			isa = XCConfigurationList;
			buildConfigurations = (
				EBC06B431D44EDE6004BE98B /* Debug */,
				EBC06B441D44EDE6004BE98B /* Release */,
			);
			defaultConfigurationIsVisible = 0;
			defaultConfigurationName = Release;
		};
		EBC06B451D44EDE6004BE98B /* Build configuration list for PBXNativeTarget "myhood-v2-xcode7" */ = {
			isa = XCConfigurationList;
			buildConfigurations = (
				EBC06B461D44EDE6004BE98B /* Debug */,
				EBC06B471D44EDE6004BE98B /* Release */,
			);
			defaultConfigurationIsVisible = 0;
		};
/* End XCConfigurationList section */
	};
	rootObject = EBC06B2B1D44EDE6004BE98B /* Project object */;
}
